
Microsoft Visual Studio Solution File, Format Version 12.00
# Visual Studio Version 16
VisualStudioVersion = 16.0.29613.14
MinimumVisualStudioVersion = 10.0.40219.1
Project("{FAE04EC0-301F-11D3-BF4B-00C04F79EFBC}") = "WiiDLCManagerWinForms", "WiiDLCManagerWinForms\WiiDLCManagerWinForms.csproj", "{2BABD26A-8C3F-44D2-A676-CE917F41B4EF}"
EndProject
Project("{FAE04EC0-301F-11D3-BF4B-00C04F79EFBC}") = "WiiDLCManagerReworked", "WiiDLCManagerReworked\WiiDLCManagerReworked.csproj", "{2F4CB01F-506E-4518-A414-C9D97314EC28}"
EndProject
Project("{FAE04EC0-301F-11D3-BF4B-00C04F79EFBC}") = "WiiDLCManager.Tests", "WiiDLCManager.Tests\WiiDLCManager.Tests.csproj", "{3D203431-E319-4597-ACA5-9F56C8B4C6AE}"
EndProject
Global
	GlobalSection(SolutionConfigurationPlatforms) = preSolution
		Debug|Any CPU = Debug|Any CPU
		Release|Any CPU = Release|Any CPU
	EndGlobalSection
	GlobalSection(ProjectConfigurationPlatforms) = postSolution
		{2BABD26A-8C3F-44D2-A676-CE917F41B4EF}.Debug|Any CPU.ActiveCfg = Debug|Any CPU
		{2BABD26A-8C3F-44D2-A676-CE917F41B4EF}.Debug|Any CPU.Build.0 = Debug|Any CPU
		{2BABD26A-8C3F-44D2-A676-CE917F41B4EF}.Release|Any CPU.ActiveCfg = Release|Any CPU
		{2BABD26A-8C3F-44D2-A676-CE917F41B4EF}.Release|Any CPU.Build.0 = Release|Any CPU
		{2F4CB01F-506E-4518-A414-C9D97314EC28}.Debug|Any CPU.ActiveCfg = Debug|Any CPU
		{2F4CB01F-506E-4518-A414-C9D97314EC28}.Debug|Any CPU.Build.0 = Debug|Any CPU
		{2F4CB01F-506E-4518-A414-C9D97314EC28}.Release|Any CPU.ActiveCfg = Release|Any CPU
		{2F4CB01F-506E-4518-A414-C9D97314EC28}.Release|Any CPU.Build.0 = Release|Any CPU
		{3D203431-E319-4597-ACA5-9F56C8B4C6AE}.Debug|Any CPU.ActiveCfg = Debug|Any CPU
		{3D203431-E319-4597-ACA5-9F56C8B4C6AE}.Debug|Any CPU.Build.0 = Debug|Any CPU
		{3D203431-E319-4597-ACA5-9F56C8B4C6AE}.Release|Any CPU.ActiveCfg = Release|Any CPU
		{3D203431-E319-4597-ACA5-9F56C8B4C6AE}.Release|Any CPU.Build.0 = Release|Any CPU
	EndGlobalSection
	GlobalSection(SolutionProperties) = preSolution
		HideSolutionNode = FALSE
	EndGlobalSection
	GlobalSection(ExtensibilityGlobals) = postSolution
		SolutionGuid = {71C6B81A-2F91-44A2-9BD6-E10BD2AC1E2E}
	EndGlobalSection
EndGlobal
